
Microsoft Visual Studio Solution File, Format Version 12.00
Project("{FAE04EC0-301F-11D3-BF4B-00C04F79EFBC}") = "RentACar.WebApp", "RentACar.WebApp\RentACar.WebApp.csproj", "{3DE9F1CD-7ADC-45B9-9BB1-A456A743C75B}"
EndProject
Global
	GlobalSection(SolutionConfigurationPlatforms) = preSolution
		Debug|Any CPU = Debug|Any CPU
		Release|Any CPU = Release|Any CPU
	EndGlobalSection
	GlobalSection(ProjectConfigurationPlatforms) = postSolution
		{3DE9F1CD-7ADC-45B9-9BB1-A456A743C75B}.Debug|Any CPU.ActiveCfg = Debug|Any CPU
		{3DE9F1CD-7ADC-45B9-9BB1-A456A743C75B}.Debug|Any CPU.Build.0 = Debug|Any CPU
		{3DE9F1CD-7ADC-45B9-9BB1-A456A743C75B}.Release|Any CPU.ActiveCfg = Release|Any CPU
		{3DE9F1CD-7ADC-45B9-9BB1-A456A743C75B}.Release|Any CPU.Build.0 = Release|Any CPU
	EndGlobalSection
EndGlobal
